
Microsoft Visual Studio Solution File, Format Version 12.00
# Visual Studio Version 17
VisualStudioVersion = 17.9.34728.123
MinimumVisualStudioVersion = 10.0.40219.1
Project("{FAE04EC0-301F-11D3-BF4B-00C04F79EFBC}") = "WindowsFormsApp1", "WindowsFormsApp1\WindowsFormsApp1.csproj", "{92F7B756-F68E-478D-9D26-8F598ED9CA44}"
EndProject
Project("{2150E333-8FDC-42A3-9474-1A3956D46DE8}") = "Solution Items", "Solution Items", "{66FF6102-6D42-40F3-9B6E-E0A94F386C24}"
EndProject
Project("{FAE04EC0-301F-11D3-BF4B-00C04F79EFBC}") = "DatabaseFaker", "DatabaseFaker\DatabaseFaker.csproj", "{2868B219-4C3E-428C-8BB7-155C430D1522}"
EndProject
Global
	GlobalSection(SolutionConfigurationPlatforms) = preSolution
		Debug|Any CPU = Debug|Any CPU
		Release|Any CPU = Release|Any CPU
	EndGlobalSection
	GlobalSection(ProjectConfigurationPlatforms) = postSolution
		{92F7B756-F68E-478D-9D26-8F598ED9CA44}.Debug|Any CPU.ActiveCfg = Debug|Any CPU
		{92F7B756-F68E-478D-9D26-8F598ED9CA44}.Debug|Any CPU.Build.0 = Debug|Any CPU
		{92F7B756-F68E-478D-9D26-8F598ED9CA44}.Release|Any CPU.ActiveCfg = Release|Any CPU
		{92F7B756-F68E-478D-9D26-8F598ED9CA44}.Release|Any CPU.Build.0 = Release|Any CPU
		{2868B219-4C3E-428C-8BB7-155C430D1522}.Debug|Any CPU.ActiveCfg = Debug|Any CPU
		{2868B219-4C3E-428C-8BB7-155C430D1522}.Debug|Any CPU.Build.0 = Debug|Any CPU
		{2868B219-4C3E-428C-8BB7-155C430D1522}.Release|Any CPU.ActiveCfg = Release|Any CPU
		{2868B219-4C3E-428C-8BB7-155C430D1522}.Release|Any CPU.Build.0 = Release|Any CPU
	EndGlobalSection
	GlobalSection(SolutionProperties) = preSolution
		HideSolutionNode = FALSE
	EndGlobalSection
	GlobalSection(ExtensibilityGlobals) = postSolution
		SolutionGuid = {A6DFA9AE-72A0-440C-8FC8-7087F9FCBB41}
	EndGlobalSection
EndGlobal
